
Microsoft Visual Studio Solution File, Format Version 12.00
# Visual Studio Version 17
VisualStudioVersion = 17.7.34202.233
MinimumVisualStudioVersion = 10.0.40219.1
Project("{FAE04EC0-301F-11D3-BF4B-00C04F79EFBC}") = "NZWalks.API", "NZWalks.API\NZWalks.API.csproj", "{ECF3FF37-14F0-4A6A-8CE1-CB01209BD223}"
EndProject
Global
	GlobalSection(SolutionConfigurationPlatforms) = preSolution
		Debug|Any CPU = Debug|Any CPU
		Release|Any CPU = Release|Any CPU
	EndGlobalSection
	GlobalSection(ProjectConfigurationPlatforms) = postSolution
		{ECF3FF37-14F0-4A6A-8CE1-CB01209BD223}.Debug|Any CPU.ActiveCfg = Debug|Any CPU
		{ECF3FF37-14F0-4A6A-8CE1-CB01209BD223}.Debug|Any CPU.Build.0 = Debug|Any CPU
		{ECF3FF37-14F0-4A6A-8CE1-CB01209BD223}.Release|Any CPU.ActiveCfg = Release|Any CPU
		{ECF3FF37-14F0-4A6A-8CE1-CB01209BD223}.Release|Any CPU.Build.0 = Release|Any CPU
	EndGlobalSection
	GlobalSection(SolutionProperties) = preSolution
		HideSolutionNode = FALSE
	EndGlobalSection
	GlobalSection(ExtensibilityGlobals) = postSolution
		SolutionGuid = {C341629B-3623-4CF0-8AC9-0FFE972C41B7}
	EndGlobalSection
EndGlobal
